// !$*UTF8*$!
{
	archiveVersion = 1;
	classes = {
	};
	objectVersion = 50;
	objects = {

/* Begin PBXBuildFile section */
		56506B59251E2FC70081BF7E /* Fruits.swift in Sources */ = {isa = PBXBuildFile; fileRef = 56506B58251E2FC70081BF7E /* Fruits.swift */; };
		56506B5F251E31770081BF7E /* FruitData.swift in Sources */ = {isa = PBXBuildFile; fileRef = 56506B5E251E31770081BF7E /* FruitData.swift */; };
		5667A7DB251D251700A5211C /* FructusApp.swift in Sources */ = {isa = PBXBuildFile; fileRef = 5667A7DA251D251700A5211C /* FructusApp.swift */; };
		5667A7DD251D251700A5211C /* ContentView.swift in Sources */ = {isa = PBXBuildFile; fileRef = 5667A7DC251D251700A5211C /* ContentView.swift */; };
		5667A7DF251D251A00A5211C /* Assets.xcassets in Resources */ = {isa = PBXBuildFile; fileRef = 5667A7DE251D251A00A5211C /* Assets.xcassets */; };
		5667A7E2251D251A00A5211C /* Preview Assets.xcassets in Resources */ = {isa = PBXBuildFile; fileRef = 5667A7E1251D251A00A5211C /* Preview Assets.xcassets */; };
		5667A7F6251D2A7C00A5211C /* FruitCardView.swift in Sources */ = {isa = PBXBuildFile; fileRef = 5667A7F5251D2A7C00A5211C /* FruitCardView.swift */; };
		5667A7F9251D2CE900A5211C /* Color+.swift in Sources */ = {isa = PBXBuildFile; fileRef = 5667A7F8251D2CE900A5211C /* Color+.swift */; };
		5667A7FF251D30C700A5211C /* StartButtonView.swift in Sources */ = {isa = PBXBuildFile; fileRef = 5667A7FE251D30C700A5211C /* StartButtonView.swift */; };
		5667A802251D351800A5211C /* OnboardingView.swift in Sources */ = {isa = PBXBuildFile; fileRef = 5667A801251D351800A5211C /* OnboardingView.swift */; };
		56C30A10251E4C710063C88C /* FruitRowView.swift in Sources */ = {isa = PBXBuildFile; fileRef = 56C30A0F251E4C710063C88C /* FruitRowView.swift */; };
/* End PBXBuildFile section */

/* Begin PBXFileReference section */
		56506B58251E2FC70081BF7E /* Fruits.swift */ = {isa = PBXFileReference; lastKnownFileType = sourcecode.swift; path = Fruits.swift; sourceTree = "<group>"; };
		56506B5E251E31770081BF7E /* FruitData.swift */ = {isa = PBXFileReference; lastKnownFileType = sourcecode.swift; path = FruitData.swift; sourceTree = "<group>"; };
		5667A7D7251D251700A5211C /* Fructus.app */ = {isa = PBXFileReference; explicitFileType = wrapper.application; includeInIndex = 0; path = Fructus.app; sourceTree = BUILT_PRODUCTS_DIR; };
		5667A7DA251D251700A5211C /* FructusApp.swift */ = {isa = PBXFileReference; lastKnownFileType = sourcecode.swift; path = FructusApp.swift; sourceTree = "<group>"; };
		5667A7DC251D251700A5211C /* ContentView.swift */ = {isa = PBXFileReference; lastKnownFileType = sourcecode.swift; path = ContentView.swift; sourceTree = "<group>"; };
		5667A7DE251D251A00A5211C /* Assets.xcassets */ = {isa = PBXFileReference; lastKnownFileType = folder.assetcatalog; path = Assets.xcassets; sourceTree = "<group>"; };
		5667A7E1251D251A00A5211C /* Preview Assets.xcassets */ = {isa = PBXFileReference; lastKnownFileType = folder.assetcatalog; path = "Preview Assets.xcassets"; sourceTree = "<group>"; };
		5667A7E3251D251A00A5211C /* Info.plist */ = {isa = PBXFileReference; lastKnownFileType = text.plist.xml; path = Info.plist; sourceTree = "<group>"; };
		5667A7F5251D2A7C00A5211C /* FruitCardView.swift */ = {isa = PBXFileReference; lastKnownFileType = sourcecode.swift; path = FruitCardView.swift; sourceTree = "<group>"; };
		5667A7F8251D2CE900A5211C /* Color+.swift */ = {isa = PBXFileReference; lastKnownFileType = sourcecode.swift; path = "Color+.swift"; sourceTree = "<group>"; };
		5667A7FE251D30C700A5211C /* StartButtonView.swift */ = {isa = PBXFileReference; lastKnownFileType = sourcecode.swift; path = StartButtonView.swift; sourceTree = "<group>"; };
		5667A801251D351800A5211C /* OnboardingView.swift */ = {isa = PBXFileReference; lastKnownFileType = sourcecode.swift; path = OnboardingView.swift; sourceTree = "<group>"; };
		56C30A0F251E4C710063C88C /* FruitRowView.swift */ = {isa = PBXFileReference; lastKnownFileType = sourcecode.swift; path = FruitRowView.swift; sourceTree = "<group>"; };
/* End PBXFileReference section */

/* Begin PBXFrameworksBuildPhase section */
		5667A7D4251D251700A5211C /* Frameworks */ = {
			isa = PBXFrameworksBuildPhase;
			buildActionMask = 2147483647;
			files = (
			);
			runOnlyForDeploymentPostprocessing = 0;
		};
/* End PBXFrameworksBuildPhase section */

/* Begin PBXGroup section */
		56506B5B251E2FD30081BF7E /* Models */ = {
			isa = PBXGroup;
			children = (
				56506B58251E2FC70081BF7E /* Fruits.swift */,
			);
			path = Models;
			sourceTree = "<group>";
		};
		56506B5D251E31540081BF7E /* Data */ = {
			isa = PBXGroup;
			children = (
				56506B5E251E31770081BF7E /* FruitData.swift */,
			);
			path = Data;
			sourceTree = "<group>";
		};
		5667A7CE251D251700A5211C = {
			isa = PBXGroup;
			children = (
				5667A7D9251D251700A5211C /* Fructus */,
				5667A7D8251D251700A5211C /* Products */,
			);
			sourceTree = "<group>";
		};
		5667A7D8251D251700A5211C /* Products */ = {
			isa = PBXGroup;
			children = (
				5667A7D7251D251700A5211C /* Fructus.app */,
			);
			name = Products;
			sourceTree = "<group>";
		};
		5667A7D9251D251700A5211C /* Fructus */ = {
			isa = PBXGroup;
			children = (
				56506B5D251E31540081BF7E /* Data */,
				5667A7EE251D2A2C00A5211C /* App */,
				56506B5B251E2FD30081BF7E /* Models */,
				5667A7EB251D2A1100A5211C /* Views */,
				5667A7FB251D2CF100A5211C /* Helpers */,
				5667A7ED251D2A1800A5211C /* Resources */,
				5667A7E0251D251A00A5211C /* Preview Content */,
			);
			path = Fructus;
			sourceTree = "<group>";
		};
		5667A7E0251D251A00A5211C /* Preview Content */ = {
			isa = PBXGroup;
			children = (
				5667A7E1251D251A00A5211C /* Preview Assets.xcassets */,
			);
			path = "Preview Content";
			sourceTree = "<group>";
		};
		5667A7EB251D2A1100A5211C /* Views */ = {
			isa = PBXGroup;
			children = (
				5667A7F5251D2A7C00A5211C /* FruitCardView.swift */,
				5667A7FE251D30C700A5211C /* StartButtonView.swift */,
				56C30A0F251E4C710063C88C /* FruitRowView.swift */,
			);
			path = Views;
			sourceTree = "<group>";
		};
		5667A7ED251D2A1800A5211C /* Resources */ = {
			isa = PBXGroup;
			children = (
				5667A7DE251D251A00A5211C /* Assets.xcassets */,
				5667A7E3251D251A00A5211C /* Info.plist */,
			);
			name = Resources;
			sourceTree = "<group>";
		};
		5667A7EE251D2A2C00A5211C /* App */ = {
			isa = PBXGroup;
			children = (
				5667A7DA251D251700A5211C /* FructusApp.swift */,
				5667A7DC251D251700A5211C /* ContentView.swift */,
				5667A801251D351800A5211C /* OnboardingView.swift */,
			);
			path = App;
			sourceTree = "<group>";
		};
		5667A7FB251D2CF100A5211C /* Helpers */ = {
			isa = PBXGroup;
			children = (
				5667A7F8251D2CE900A5211C /* Color+.swift */,
			);
			path = Helpers;
			sourceTree = "<group>";
		};
/* End PBXGroup section */

/* Begin PBXNativeTarget section */
		5667A7D6251D251700A5211C /* Fructus */ = {
			isa = PBXNativeTarget;
			buildConfigurationList = 5667A7E6251D251A00A5211C /* Build configuration list for PBXNativeTarget "Fructus" */;
			buildPhases = (
				5667A7D3251D251700A5211C /* Sources */,
				5667A7D4251D251700A5211C /* Frameworks */,
				5667A7D5251D251700A5211C /* Resources */,
			);
			buildRules = (
			);
			dependencies = (
			);
			name = Fructus;
			productName = Fructus;
			productReference = 5667A7D7251D251700A5211C /* Fructus.app */;
			productType = "com.apple.product-type.application";
		};
/* End PBXNativeTarget section */

/* Begin PBXProject section */
		5667A7CF251D251700A5211C /* Project object */ = {
			isa = PBXProject;
			attributes = {
				LastSwiftUpdateCheck = 1200;
				LastUpgradeCheck = 1200;
				TargetAttributes = {
					5667A7D6251D251700A5211C = {
						CreatedOnToolsVersion = 12.0;
					};
				};
			};
			buildConfigurationList = 5667A7D2251D251700A5211C /* Build configuration list for PBXProject "Fructus" */;
			compatibilityVersion = "Xcode 9.3";
			developmentRegion = en;
			hasScannedForEncodings = 0;
			knownRegions = (
				en,
				Base,
			);
			mainGroup = 5667A7CE251D251700A5211C;
			productRefGroup = 5667A7D8251D251700A5211C /* Products */;
			projectDirPath = "";
			projectRoot = "";
			targets = (
				5667A7D6251D251700A5211C /* Fructus */,
			);
		};
/* End PBXProject section */

/* Begin PBXResourcesBuildPhase section */
		5667A7D5251D251700A5211C /* Resources */ = {
			isa = PBXResourcesBuildPhase;
			buildActionMask = 2147483647;
			files = (
				5667A7E2251D251A00A5211C /* Preview Assets.xcassets in Resources */,
				5667A7DF251D251A00A5211C /* Assets.xcassets in Resources */,
			);
			runOnlyForDeploymentPostprocessing = 0;
		};
/* End PBXResourcesBuildPhase section */

/* Begin PBXSourcesBuildPhase section */
		5667A7D3251D251700A5211C /* Sources */ = {
			isa = PBXSourcesBuildPhase;
			buildActionMask = 2147483647;
			files = (
				56506B59251E2FC70081BF7E /* Fruits.swift in Sources */,
				5667A7F6251D2A7C00A5211C /* FruitCardView.swift in Sources */,
				56C30A10251E4C710063C88C /* FruitRowView.swift in Sources */,
				5667A7F9251D2CE900A5211C /* Color+.swift in Sources */,
				5667A7DD251D251700A5211C /* ContentView.swift in Sources */,
				5667A802251D351800A5211C /* OnboardingView.swift in Sources */,
				5667A7FF251D30C700A5211C /* StartButtonView.swift in Sources */,
				56506B5F251E31770081BF7E /* FruitData.swift in Sources */,
				5667A7DB251D251700A5211C /* FructusApp.swift in Sources */,
			);
			runOnlyForDeploymentPostprocessing = 0;
		};
/* End PBXSourcesBuildPhase section */

/* Begin XCBuildConfiguration section */
		5667A7E4251D251A00A5211C /* Debug */ = {
			isa = XCBuildConfiguration;
			buildSettings = {
				ALWAYS_SEARCH_USER_PATHS = NO;
				CLANG_ANALYZER_NONNULL = YES;
				CLANG_ANALYZER_NUMBER_OBJECT_CONVERSION = YES_AGGRESSIVE;
				CLANG_CXX_LANGUAGE_STANDARD = "gnu++14";
				CLANG_CXX_LIBRARY = "libc++";
				CLANG_ENABLE_MODULES = YES;
				CLANG_ENABLE_OBJC_ARC = YES;
				CLANG_ENABLE_OBJC_WEAK = YES;
				CLANG_WARN_BLOCK_CAPTURE_AUTORELEASING = YES;
				CLANG_WARN_BOOL_CONVERSION = YES;
				CLANG_WARN_COMMA = YES;
				CLANG_WARN_CONSTANT_CONVERSION = YES;
				CLANG_WARN_DEPRECATED_OBJC_IMPLEMENTATIONS = YES;
				CLANG_WARN_DIRECT_OBJC_ISA_USAGE = YES_ERROR;
				CLANG_WARN_DOCUMENTATION_COMMENTS = YES;
				CLANG_WARN_EMPTY_BODY = YES;
				CLANG_WARN_ENUM_CONVERSION = YES;
				CLANG_WARN_INFINITE_RECURSION = YES;
				CLANG_WARN_INT_CONVERSION = YES;
				CLANG_WARN_NON_LITERAL_NULL_CONVERSION = YES;
				CLANG_WARN_OBJC_IMPLICIT_RETAIN_SELF = YES;
				CLANG_WARN_OBJC_LITERAL_CONVERSION = YES;
				CLANG_WARN_OBJC_ROOT_CLASS = YES_ERROR;
				CLANG_WARN_QUOTED_INCLUDE_IN_FRAMEWORK_HEADER = YES;
				CLANG_WARN_RANGE_LOOP_ANALYSIS = YES;
				CLANG_WARN_STRICT_PROTOTYPES = YES;
				CLANG_WARN_SUSPICIOUS_MOVE = YES;
				CLANG_WARN_UNGUARDED_AVAILABILITY = YES_AGGRESSIVE;
				CLANG_WARN_UNREACHABLE_CODE = YES;
				CLANG_WARN__DUPLICATE_METHOD_MATCH = YES;
				COPY_PHASE_STRIP = NO;
				DEBUG_INFORMATION_FORMAT = dwarf;
				ENABLE_STRICT_OBJC_MSGSEND = YES;
				ENABLE_TESTABILITY = YES;
				GCC_C_LANGUAGE_STANDARD = gnu11;
				GCC_DYNAMIC_NO_PIC = NO;
				GCC_NO_COMMON_BLOCKS = YES;
				GCC_OPTIMIZATION_LEVEL = 0;
				GCC_PREPROCESSOR_DEFINITIONS = (
					"DEBUG=1",
					"$(inherited)",
				);
				GCC_WARN_64_TO_32_BIT_CONVERSION = YES;
				GCC_WARN_ABOUT_RETURN_TYPE = YES_ERROR;
				GCC_WARN_UNDECLARED_SELECTOR = YES;
				GCC_WARN_UNINITIALIZED_AUTOS = YES_AGGRESSIVE;
				GCC_WARN_UNUSED_FUNCTION = YES;
				GCC_WARN_UNUSED_VARIABLE = YES;
				IPHONEOS_DEPLOYMENT_TARGET = 14.0;
				MTL_ENABLE_DEBUG_INFO = INCLUDE_SOURCE;
				MTL_FAST_MATH = YES;
				ONLY_ACTIVE_ARCH = YES;
				SDKROOT = iphoneos;
				SWIFT_ACTIVE_COMPILATION_CONDITIONS = DEBUG;
				SWIFT_OPTIMIZATION_LEVEL = "-Onone";
			};
			name = Debug;
		};
		5667A7E5251D251A00A5211C /* Release */ = {
			isa = XCBuildConfiguration;
			buildSettings = {
				ALWAYS_SEARCH_USER_PATHS = NO;
				CLANG_ANALYZER_NONNULL = YES;
				CLANG_ANALYZER_NUMBER_OBJECT_CONVERSION = YES_AGGRESSIVE;
				CLANG_CXX_LANGUAGE_STANDARD = "gnu++14";
				CLANG_CXX_LIBRARY = "libc++";
				CLANG_ENABLE_MODULES = YES;
				CLANG_ENABLE_OBJC_ARC = YES;
				CLANG_ENABLE_OBJC_WEAK = YES;
				CLANG_WARN_BLOCK_CAPTURE_AUTORELEASING = YES;
				CLANG_WARN_BOOL_CONVERSION = YES;
				CLANG_WARN_COMMA = YES;
				CLANG_WARN_CONSTANT_CONVERSION = YES;
				CLANG_WARN_DEPRECATED_OBJC_IMPLEMENTATIONS = YES;
				CLANG_WARN_DIRECT_OBJC_ISA_USAGE = YES_ERROR;
				CLANG_WARN_DOCUMENTATION_COMMENTS = YES;
				CLANG_WARN_EMPTY_BODY = YES;
				CLANG_WARN_ENUM_CONVERSION = YES;
				CLANG_WARN_INFINITE_RECURSION = YES;
				CLANG_WARN_INT_CONVERSION = YES;
				CLANG_WARN_NON_LITERAL_NULL_CONVERSION = YES;
				CLANG_WARN_OBJC_IMPLICIT_RETAIN_SELF = YES;
				CLANG_WARN_OBJC_LITERAL_CONVERSION = YES;
				CLANG_WARN_OBJC_ROOT_CLASS = YES_ERROR;
				CLANG_WARN_QUOTED_INCLUDE_IN_FRAMEWORK_HEADER = YES;
				CLANG_WARN_RANGE_LOOP_ANALYSIS = YES;
				CLANG_WARN_STRICT_PROTOTYPES = YES;
				CLANG_WARN_SUSPICIOUS_MOVE = YES;
				CLANG_WARN_UNGUARDED_AVAILABILITY = YES_AGGRESSIVE;
				CLANG_WARN_UNREACHABLE_CODE = YES;
				CLANG_WARN__DUPLICATE_METHOD_MATCH = YES;
				COPY_PHASE_STRIP = NO;
				DEBUG_INFORMATION_FORMAT = "dwarf-with-dsym";
				ENABLE_NS_ASSERTIONS = NO;
				ENABLE_STRICT_OBJC_MSGSEND = YES;
				GCC_C_LANGUAGE_STANDARD = gnu11;
				GCC_NO_COMMON_BLOCKS = YES;
				GCC_WARN_64_TO_32_BIT_CONVERSION = YES;
				GCC_WARN_ABOUT_RETURN_TYPE = YES_ERROR;
				GCC_WARN_UNDECLARED_SELECTOR = YES;
				GCC_WARN_UNINITIALIZED_AUTOS = YES_AGGRESSIVE;
				GCC_WARN_UNUSED_FUNCTION = YES;
				GCC_WARN_UNUSED_VARIABLE = YES;
				IPHONEOS_DEPLOYMENT_TARGET = 14.0;
				MTL_ENABLE_DEBUG_INFO = NO;
				MTL_FAST_MATH = YES;
				SDKROOT = iphoneos;
				SWIFT_COMPILATION_MODE = wholemodule;
				SWIFT_OPTIMIZATION_LEVEL = "-O";
				VALIDATE_PRODUCT = YES;
			};
			name = Release;
		};
		5667A7E7251D251A00A5211C /* Debug */ = {
			isa = XCBuildConfiguration;
			buildSettings = {
				ASSETCATALOG_COMPILER_APPICON_NAME = AppIcon;
				ASSETCATALOG_COMPILER_GLOBAL_ACCENT_COLOR_NAME = AccentColor;
				CODE_SIGN_IDENTITY = "Apple Development";
				CODE_SIGN_STYLE = Automatic;
				DEVELOPMENT_ASSET_PATHS = "\"Fructus/Preview Content\"";
				DEVELOPMENT_TEAM = 2F9Q94NNH5;
				ENABLE_PREVIEWS = YES;
				INFOPLIST_FILE = Fructus/Info.plist;
				IPHONEOS_DEPLOYMENT_TARGET = 14.0;
				LD_RUNPATH_SEARCH_PATHS = (
					"$(inherited)",
					"@executable_path/Frameworks",
				);
				PRODUCT_BUNDLE_IDENTIFIER = dev.brianhersh.Fructus;
				PRODUCT_NAME = "$(TARGET_NAME)";
				PROVISIONING_PROFILE_SPECIFIER = "";
				SWIFT_VERSION = 5.0;
				TARGETED_DEVICE_FAMILY = "1,2";
			};
			name = Debug;
		};
		5667A7E8251D251A00A5211C /* Release */ = {
			isa = XCBuildConfiguration;
			buildSettings = {
				ASSETCATALOG_COMPILER_APPICON_NAME = AppIcon;
				ASSETCATALOG_COMPILER_GLOBAL_ACCENT_COLOR_NAME = AccentColor;
				CODE_SIGN_IDENTITY = "Apple Development";
				CODE_SIGN_STYLE = Automatic;
				DEVELOPMENT_ASSET_PATHS = "\"Fructus/Preview Content\"";
				DEVELOPMENT_TEAM = 2F9Q94NNH5;
				ENABLE_PREVIEWS = YES;
				INFOPLIST_FILE = Fructus/Info.plist;
				IPHONEOS_DEPLOYMENT_TARGET = 14.0;
				LD_RUNPATH_SEARCH_PATHS = (
					"$(inherited)",
					"@executable_path/Frameworks",
				);
				PRODUCT_BUNDLE_IDENTIFIER = dev.brianhersh.Fructus;
				PRODUCT_NAME = "$(TARGET_NAME)";
				PROVISIONING_PROFILE_SPECIFIER = "";
				SWIFT_VERSION = 5.0;
				TARGETED_DEVICE_FAMILY = "1,2";
			};
			name = Release;
		};
/* End XCBuildConfiguration section */

/* Begin XCConfigurationList section */
		5667A7D2251D251700A5211C /* Build configuration list for PBXProject "Fructus" */ = {
			isa = XCConfigurationList;
			buildConfigurations = (
				5667A7E4251D251A00A5211C /* Debug */,
				5667A7E5251D251A00A5211C /* Release */,
			);
			defaultConfigurationIsVisible = 0;
			defaultConfigurationName = Release;
		};
		5667A7E6251D251A00A5211C /* Build configuration list for PBXNativeTarget "Fructus" */ = {
			isa = XCConfigurationList;
			buildConfigurations = (
				5667A7E7251D251A00A5211C /* Debug */,
				5667A7E8251D251A00A5211C /* Release */,
			);
			defaultConfigurationIsVisible = 0;
			defaultConfigurationName = Release;
		};
/* End XCConfigurationList section */
	};
	rootObject = 5667A7CF251D251700A5211C /* Project object */;
}
